
Microsoft Visual Studio Solution File, Format Version 12.00
# Visual Studio Version 17
VisualStudioVersion = 17.3.32825.248
MinimumVisualStudioVersion = 10.0.40219.1
Project("{8BC9CEB8-8B4A-11D0-8D11-00A0C91BC942}") = "Homework7.2.1", "Homework7.2.1\Homework7.2.1.vcxproj", "{B694435E-08A3-4D25-B3F6-EB3617CE1201}"
EndProject
Global
	GlobalSection(SolutionConfigurationPlatforms) = preSolution
		Debug|x64 = Debug|x64
		Debug|x86 = Debug|x86
		Release|x64 = Release|x64
		Release|x86 = Release|x86
	EndGlobalSection
	GlobalSection(ProjectConfigurationPlatforms) = postSolution
		{B694435E-08A3-4D25-B3F6-EB3617CE1201}.Debug|x64.ActiveCfg = Debug|x64
		{B694435E-08A3-4D25-B3F6-EB3617CE1201}.Debug|x64.Build.0 = Debug|x64
		{B694435E-08A3-4D25-B3F6-EB3617CE1201}.Debug|x86.ActiveCfg = Debug|Win32
		{B694435E-08A3-4D25-B3F6-EB3617CE1201}.Debug|x86.Build.0 = Debug|Win32
		{B694435E-08A3-4D25-B3F6-EB3617CE1201}.Release|x64.ActiveCfg = Release|x64
		{B694435E-08A3-4D25-B3F6-EB3617CE1201}.Release|x64.Build.0 = Release|x64
		{B694435E-08A3-4D25-B3F6-EB3617CE1201}.Release|x86.ActiveCfg = Release|Win32
		{B694435E-08A3-4D25-B3F6-EB3617CE1201}.Release|x86.Build.0 = Release|Win32
	EndGlobalSection
	GlobalSection(SolutionProperties) = preSolution
		HideSolutionNode = FALSE
	EndGlobalSection
	GlobalSection(ExtensibilityGlobals) = postSolution
		SolutionGuid = {696A5043-42A0-4CCE-B717-52D5E0C02B21}
	EndGlobalSection
EndGlobal
